
Microsoft Visual Studio Solution File, Format Version 12.00
# Visual Studio Version 17
VisualStudioVersion = 17.8.34330.188
MinimumVisualStudioVersion = 10.0.40219.1
Project("{FAE04EC0-301F-11D3-BF4B-00C04F79EFBC}") = "Comet-Importer", "Comet-Importer.csproj", "{734C74F9-39F8-4873-85ED-102F8650FBCA}"
EndProject
Global
	GlobalSection(SolutionConfigurationPlatforms) = preSolution
		Debug|Any CPU = Debug|Any CPU
		Release|Any CPU = Release|Any CPU
	EndGlobalSection
	GlobalSection(ProjectConfigurationPlatforms) = postSolution
		{734C74F9-39F8-4873-85ED-102F8650FBCA}.Debug|Any CPU.ActiveCfg = Debug|Any CPU
		{734C74F9-39F8-4873-85ED-102F8650FBCA}.Debug|Any CPU.Build.0 = Debug|Any CPU
		{734C74F9-39F8-4873-85ED-102F8650FBCA}.Release|Any CPU.ActiveCfg = Release|Any CPU
		{734C74F9-39F8-4873-85ED-102F8650FBCA}.Release|Any CPU.Build.0 = Release|Any CPU
	EndGlobalSection
	GlobalSection(SolutionProperties) = preSolution
		HideSolutionNode = FALSE
	EndGlobalSection
	GlobalSection(ExtensibilityGlobals) = postSolution
		SolutionGuid = {A252BA1B-660C-4855-B174-34E0D317AEA7}
	EndGlobalSection
EndGlobal
